
Microsoft Visual Studio Solution File, Format Version 12.00
# Visual Studio 15
VisualStudioVersion = 15.0.27130.2010
MinimumVisualStudioVersion = 10.0.40219.1
Project("{888888A0-9F3D-457C-B088-3A5042F75D52}") = "UdacitySolution", "UdacitySolution\UdacitySolution.pyproj", "{566F8074-1581-487D-9E6A-371D8D88428B}"
EndProject
Project("{8BC9CEB8-8B4A-11D0-8D11-00A0C91BC942}") = "Cppproject", "Cppproject\Cppproject.vcxproj", "{03B6AE7A-1DEB-48D1-A688-8BB269C839E7}"
EndProject
Project("{888888A0-9F3D-457C-B088-3A5042F75D52}") = "PprobabilityDistribution", "PprobabilityDistribution\PprobabilityDistribution.pyproj", "{C764AD8A-A5CE-43F3-B4B9-15F1EF769486}"
EndProject
Project("{888888A0-9F3D-457C-B088-3A5042F75D52}") = "RobotLocalization", "RobotLocalization\RobotLocalization.pyproj", "{D6CA49DE-D7AA-472F-86D4-91E2098EE80B}"
EndProject
Project("{888888A0-9F3D-457C-B088-3A5042F75D52}") = "StsteAndObjects", "StsteAndObjects\StsteAndObjects.pyproj", "{3B0FCBCC-7288-4852-B004-63E67104D241}"
EndProject
Project("{888888A0-9F3D-457C-B088-3A5042F75D52}") = "Matrices", "Matrices\Matrices.pyproj", "{31149B22-081E-4172-9829-DFC1F56990FF}"
EndProject
Project("{8BC9CEB8-8B4A-11D0-8D11-00A0C91BC942}") = "udacity_cpp_histogram_filter_project", "udacity_cpp_histogram_filter_project\udacity_cpp_histogram_filter_project.vcxproj", "{AB51233C-3153-454A-B3CF-CB3501C84AC9}"
EndProject
Global
	GlobalSection(SolutionConfigurationPlatforms) = preSolution
		Debug|Any CPU = Debug|Any CPU
		Debug|x64 = Debug|x64
		Debug|x86 = Debug|x86
		Release|Any CPU = Release|Any CPU
		Release|x64 = Release|x64
		Release|x86 = Release|x86
	EndGlobalSection
	GlobalSection(ProjectConfigurationPlatforms) = postSolution
		{566F8074-1581-487D-9E6A-371D8D88428B}.Debug|Any CPU.ActiveCfg = Debug|Any CPU
		{566F8074-1581-487D-9E6A-371D8D88428B}.Debug|x64.ActiveCfg = Debug|Any CPU
		{566F8074-1581-487D-9E6A-371D8D88428B}.Debug|x86.ActiveCfg = Debug|Any CPU
		{566F8074-1581-487D-9E6A-371D8D88428B}.Release|Any CPU.ActiveCfg = Release|Any CPU
		{566F8074-1581-487D-9E6A-371D8D88428B}.Release|x64.ActiveCfg = Release|Any CPU
		{566F8074-1581-487D-9E6A-371D8D88428B}.Release|x86.ActiveCfg = Release|Any CPU
		{03B6AE7A-1DEB-48D1-A688-8BB269C839E7}.Debug|Any CPU.ActiveCfg = Debug|Win32
		{03B6AE7A-1DEB-48D1-A688-8BB269C839E7}.Debug|x64.ActiveCfg = Debug|x64
		{03B6AE7A-1DEB-48D1-A688-8BB269C839E7}.Debug|x64.Build.0 = Debug|x64
		{03B6AE7A-1DEB-48D1-A688-8BB269C839E7}.Debug|x86.ActiveCfg = Debug|Win32
		{03B6AE7A-1DEB-48D1-A688-8BB269C839E7}.Debug|x86.Build.0 = Debug|Win32
		{03B6AE7A-1DEB-48D1-A688-8BB269C839E7}.Release|Any CPU.ActiveCfg = Release|Win32
		{03B6AE7A-1DEB-48D1-A688-8BB269C839E7}.Release|x64.ActiveCfg = Release|x64
		{03B6AE7A-1DEB-48D1-A688-8BB269C839E7}.Release|x64.Build.0 = Release|x64
		{03B6AE7A-1DEB-48D1-A688-8BB269C839E7}.Release|x86.ActiveCfg = Release|Win32
		{03B6AE7A-1DEB-48D1-A688-8BB269C839E7}.Release|x86.Build.0 = Release|Win32
		{C764AD8A-A5CE-43F3-B4B9-15F1EF769486}.Debug|Any CPU.ActiveCfg = Debug|Any CPU
		{C764AD8A-A5CE-43F3-B4B9-15F1EF769486}.Debug|x64.ActiveCfg = Debug|Any CPU
		{C764AD8A-A5CE-43F3-B4B9-15F1EF769486}.Debug|x86.ActiveCfg = Debug|Any CPU
		{C764AD8A-A5CE-43F3-B4B9-15F1EF769486}.Release|Any CPU.ActiveCfg = Release|Any CPU
		{C764AD8A-A5CE-43F3-B4B9-15F1EF769486}.Release|x64.ActiveCfg = Release|Any CPU
		{C764AD8A-A5CE-43F3-B4B9-15F1EF769486}.Release|x86.ActiveCfg = Release|Any CPU
		{D6CA49DE-D7AA-472F-86D4-91E2098EE80B}.Debug|Any CPU.ActiveCfg = Debug|Any CPU
		{D6CA49DE-D7AA-472F-86D4-91E2098EE80B}.Debug|x64.ActiveCfg = Debug|Any CPU
		{D6CA49DE-D7AA-472F-86D4-91E2098EE80B}.Debug|x86.ActiveCfg = Debug|Any CPU
		{D6CA49DE-D7AA-472F-86D4-91E2098EE80B}.Release|Any CPU.ActiveCfg = Release|Any CPU
		{D6CA49DE-D7AA-472F-86D4-91E2098EE80B}.Release|x64.ActiveCfg = Release|Any CPU
		{D6CA49DE-D7AA-472F-86D4-91E2098EE80B}.Release|x86.ActiveCfg = Release|Any CPU
		{3B0FCBCC-7288-4852-B004-63E67104D241}.Debug|Any CPU.ActiveCfg = Debug|Any CPU
		{3B0FCBCC-7288-4852-B004-63E67104D241}.Debug|x64.ActiveCfg = Debug|Any CPU
		{3B0FCBCC-7288-4852-B004-63E67104D241}.Debug|x86.ActiveCfg = Debug|Any CPU
		{3B0FCBCC-7288-4852-B004-63E67104D241}.Release|Any CPU.ActiveCfg = Release|Any CPU
		{3B0FCBCC-7288-4852-B004-63E67104D241}.Release|x64.ActiveCfg = Release|Any CPU
		{3B0FCBCC-7288-4852-B004-63E67104D241}.Release|x86.ActiveCfg = Release|Any CPU
		{31149B22-081E-4172-9829-DFC1F56990FF}.Debug|Any CPU.ActiveCfg = Debug|Any CPU
		{31149B22-081E-4172-9829-DFC1F56990FF}.Debug|x64.ActiveCfg = Debug|Any CPU
		{31149B22-081E-4172-9829-DFC1F56990FF}.Debug|x86.ActiveCfg = Debug|Any CPU
		{31149B22-081E-4172-9829-DFC1F56990FF}.Release|Any CPU.ActiveCfg = Release|Any CPU
		{31149B22-081E-4172-9829-DFC1F56990FF}.Release|x64.ActiveCfg = Release|Any CPU
		{31149B22-081E-4172-9829-DFC1F56990FF}.Release|x86.ActiveCfg = Release|Any CPU
		{AB51233C-3153-454A-B3CF-CB3501C84AC9}.Debug|Any CPU.ActiveCfg = Debug|Win32
		{AB51233C-3153-454A-B3CF-CB3501C84AC9}.Debug|x64.ActiveCfg = Debug|x64
		{AB51233C-3153-454A-B3CF-CB3501C84AC9}.Debug|x64.Build.0 = Debug|x64
		{AB51233C-3153-454A-B3CF-CB3501C84AC9}.Debug|x86.ActiveCfg = Debug|Win32
		{AB51233C-3153-454A-B3CF-CB3501C84AC9}.Debug|x86.Build.0 = Debug|Win32
		{AB51233C-3153-454A-B3CF-CB3501C84AC9}.Release|Any CPU.ActiveCfg = Release|Win32
		{AB51233C-3153-454A-B3CF-CB3501C84AC9}.Release|x64.ActiveCfg = Release|x64
		{AB51233C-3153-454A-B3CF-CB3501C84AC9}.Release|x64.Build.0 = Release|x64
		{AB51233C-3153-454A-B3CF-CB3501C84AC9}.Release|x86.ActiveCfg = Release|Win32
		{AB51233C-3153-454A-B3CF-CB3501C84AC9}.Release|x86.Build.0 = Release|Win32
	EndGlobalSection
	GlobalSection(SolutionProperties) = preSolution
		HideSolutionNode = FALSE
	EndGlobalSection
	GlobalSection(ExtensibilityGlobals) = postSolution
		SolutionGuid = {5D4BBEE5-F627-4DD5-B53D-1719F1187B9A}
	EndGlobalSection
EndGlobal
