
Microsoft Visual Studio Solution File, Format Version 12.00
# Visual Studio 15
VisualStudioVersion = 15.0.27130.2026
MinimumVisualStudioVersion = 10.0.40219.1
Project("{888888A0-9F3D-457C-B088-3A5042F75D52}") = "UdacitySolution", "UdacitySolution\UdacitySolution.pyproj", "{566F8074-1581-487D-9E6A-371D8D88428B}"
EndProject
Project("{888888A0-9F3D-457C-B088-3A5042F75D52}") = "PprobabilityDistribution", "PprobabilityDistribution\PprobabilityDistribution.pyproj", "{C764AD8A-A5CE-43F3-B4B9-15F1EF769486}"
EndProject
Project("{888888A0-9F3D-457C-B088-3A5042F75D52}") = "RobotLocalization", "RobotLocalization\RobotLocalization.pyproj", "{D6CA49DE-D7AA-472F-86D4-91E2098EE80B}"
EndProject
Project("{888888A0-9F3D-457C-B088-3A5042F75D52}") = "Matrices", "Matrices\Matrices.pyproj", "{31149B22-081E-4172-9829-DFC1F56990FF}"
EndProject
Project("{8BC9CEB8-8B4A-11D0-8D11-00A0C91BC942}") = "C++Basics", "C++Basics\C++Basics.vcxproj", "{C1211116-C2C4-4F04-A244-3F92C0D384A3}"
EndProject
Project("{8BC9CEB8-8B4A-11D0-8D11-00A0C91BC942}") = "udacity_cpp_histogram_filter_project", "udacity_cpp_histogram_filter_project\udacity_cpp_histogram_filter_project.vcxproj", "{AB51233C-3153-454A-B3CF-CB3501C84AC9}"
EndProject
Project("{888888A0-9F3D-457C-B088-3A5042F75D52}") = "StateAndObjects", "StateAndObjects\StateAndObjects.pyproj", "{F33F9628-66C6-4E4A-AA76-3D0899925218}"
EndProject
Project("{8BC9CEB8-8B4A-11D0-8D11-00A0C91BC942}") = "udacity_c++_improvement_code", "udacity_c++_improvement_code\udacity_c++_improvement_code.vcxproj", "{4BB8ADF4-8A12-4A76-A230-8448F024AFC8}"
EndProject
Project("{8BC9CEB8-8B4A-11D0-8D11-00A0C91BC942}") = "udacity_cpp_histogram_filter_optimized", "udacity_cpp_histogram_filter_optimized\udacity_cpp_histogram_filter_optimized.vcxproj", "{6A08F9F1-F7AF-4649-AFA1-3578C4A106D3}"
EndProject
Project("{8BC9CEB8-8B4A-11D0-8D11-00A0C91BC942}") = "udacity_cpp_histogram_filter_notoptimized", "udacity_cpp_histogram_filter_notoptimized\udacity_cpp_histogram_filter_notoptimized.vcxproj", "{CDB8A655-C9D8-4BDA-B638-704FE1D126A6}"
EndProject
Project("{8BC9CEB8-8B4A-11D0-8D11-00A0C91BC942}") = "udacity_cpp_histogram_filter_optimized_solutiion", "udacity_cpp_histogram_filter_optimized_solutiion\udacity_cpp_histogram_filter_optimized_solutiion.vcxproj", "{AE17704B-1D8F-4CA1-8017-C223E720D314}"
EndProject
Project("{888888A0-9F3D-457C-B088-3A5042F75D52}") = "days_between_dates", "days_between_dates\days_between_dates.pyproj", "{6786FE1B-3D4A-453D-8B52-CEB3F21EC0C7}"
EndProject
Project("{888888A0-9F3D-457C-B088-3A5042F75D52}") = "data_structure", "data_structure\data_structure.pyproj", "{49191257-E2C3-4734-BCF7-E4ABA4DC2C06}"
EndProject
Project("{888888A0-9F3D-457C-B088-3A5042F75D52}") = "Math", "Math\Math.pyproj", "{322DE82F-B5F3-4B61-B9FC-59D7FD4B61CA}"
EndProject
Project("{888888A0-9F3D-457C-B088-3A5042F75D52}") = "computer_vision", "computer_vision\computer_vision.pyproj", "{6DD7B258-4F87-4120-8E29-73631691BA08}"
EndProject
Global
	GlobalSection(SolutionConfigurationPlatforms) = preSolution
		Debug|Any CPU = Debug|Any CPU
		Debug|x64 = Debug|x64
		Debug|x86 = Debug|x86
		Release|Any CPU = Release|Any CPU
		Release|x64 = Release|x64
		Release|x86 = Release|x86
	EndGlobalSection
	GlobalSection(ProjectConfigurationPlatforms) = postSolution
		{566F8074-1581-487D-9E6A-371D8D88428B}.Debug|Any CPU.ActiveCfg = Debug|Any CPU
		{566F8074-1581-487D-9E6A-371D8D88428B}.Debug|x64.ActiveCfg = Debug|Any CPU
		{566F8074-1581-487D-9E6A-371D8D88428B}.Debug|x86.ActiveCfg = Debug|Any CPU
		{566F8074-1581-487D-9E6A-371D8D88428B}.Release|Any CPU.ActiveCfg = Release|Any CPU
		{566F8074-1581-487D-9E6A-371D8D88428B}.Release|x64.ActiveCfg = Release|Any CPU
		{566F8074-1581-487D-9E6A-371D8D88428B}.Release|x86.ActiveCfg = Release|Any CPU
		{C764AD8A-A5CE-43F3-B4B9-15F1EF769486}.Debug|Any CPU.ActiveCfg = Debug|Any CPU
		{C764AD8A-A5CE-43F3-B4B9-15F1EF769486}.Debug|x64.ActiveCfg = Debug|Any CPU
		{C764AD8A-A5CE-43F3-B4B9-15F1EF769486}.Debug|x86.ActiveCfg = Debug|Any CPU
		{C764AD8A-A5CE-43F3-B4B9-15F1EF769486}.Release|Any CPU.ActiveCfg = Release|Any CPU
		{C764AD8A-A5CE-43F3-B4B9-15F1EF769486}.Release|x64.ActiveCfg = Release|Any CPU
		{C764AD8A-A5CE-43F3-B4B9-15F1EF769486}.Release|x86.ActiveCfg = Release|Any CPU
		{D6CA49DE-D7AA-472F-86D4-91E2098EE80B}.Debug|Any CPU.ActiveCfg = Debug|Any CPU
		{D6CA49DE-D7AA-472F-86D4-91E2098EE80B}.Debug|x64.ActiveCfg = Debug|Any CPU
		{D6CA49DE-D7AA-472F-86D4-91E2098EE80B}.Debug|x86.ActiveCfg = Debug|Any CPU
		{D6CA49DE-D7AA-472F-86D4-91E2098EE80B}.Release|Any CPU.ActiveCfg = Release|Any CPU
		{D6CA49DE-D7AA-472F-86D4-91E2098EE80B}.Release|x64.ActiveCfg = Release|Any CPU
		{D6CA49DE-D7AA-472F-86D4-91E2098EE80B}.Release|x86.ActiveCfg = Release|Any CPU
		{31149B22-081E-4172-9829-DFC1F56990FF}.Debug|Any CPU.ActiveCfg = Debug|Any CPU
		{31149B22-081E-4172-9829-DFC1F56990FF}.Debug|x64.ActiveCfg = Debug|Any CPU
		{31149B22-081E-4172-9829-DFC1F56990FF}.Debug|x86.ActiveCfg = Debug|Any CPU
		{31149B22-081E-4172-9829-DFC1F56990FF}.Release|Any CPU.ActiveCfg = Release|Any CPU
		{31149B22-081E-4172-9829-DFC1F56990FF}.Release|x64.ActiveCfg = Release|Any CPU
		{31149B22-081E-4172-9829-DFC1F56990FF}.Release|x86.ActiveCfg = Release|Any CPU
		{C1211116-C2C4-4F04-A244-3F92C0D384A3}.Debug|Any CPU.ActiveCfg = Debug|Win32
		{C1211116-C2C4-4F04-A244-3F92C0D384A3}.Debug|x64.ActiveCfg = Debug|x64
		{C1211116-C2C4-4F04-A244-3F92C0D384A3}.Debug|x64.Build.0 = Debug|x64
		{C1211116-C2C4-4F04-A244-3F92C0D384A3}.Debug|x86.ActiveCfg = Debug|Win32
		{C1211116-C2C4-4F04-A244-3F92C0D384A3}.Debug|x86.Build.0 = Debug|Win32
		{C1211116-C2C4-4F04-A244-3F92C0D384A3}.Release|Any CPU.ActiveCfg = Release|Win32
		{C1211116-C2C4-4F04-A244-3F92C0D384A3}.Release|x64.ActiveCfg = Release|x64
		{C1211116-C2C4-4F04-A244-3F92C0D384A3}.Release|x64.Build.0 = Release|x64
		{C1211116-C2C4-4F04-A244-3F92C0D384A3}.Release|x86.ActiveCfg = Release|Win32
		{C1211116-C2C4-4F04-A244-3F92C0D384A3}.Release|x86.Build.0 = Release|Win32
		{AB51233C-3153-454A-B3CF-CB3501C84AC9}.Debug|Any CPU.ActiveCfg = Debug|Win32
		{AB51233C-3153-454A-B3CF-CB3501C84AC9}.Debug|x64.ActiveCfg = Debug|x64
		{AB51233C-3153-454A-B3CF-CB3501C84AC9}.Debug|x64.Build.0 = Debug|x64
		{AB51233C-3153-454A-B3CF-CB3501C84AC9}.Debug|x86.ActiveCfg = Debug|Win32
		{AB51233C-3153-454A-B3CF-CB3501C84AC9}.Debug|x86.Build.0 = Debug|Win32
		{AB51233C-3153-454A-B3CF-CB3501C84AC9}.Release|Any CPU.ActiveCfg = Release|Win32
		{AB51233C-3153-454A-B3CF-CB3501C84AC9}.Release|x64.ActiveCfg = Release|x64
		{AB51233C-3153-454A-B3CF-CB3501C84AC9}.Release|x64.Build.0 = Release|x64
		{AB51233C-3153-454A-B3CF-CB3501C84AC9}.Release|x86.ActiveCfg = Release|Win32
		{AB51233C-3153-454A-B3CF-CB3501C84AC9}.Release|x86.Build.0 = Release|Win32
		{F33F9628-66C6-4E4A-AA76-3D0899925218}.Debug|Any CPU.ActiveCfg = Debug|Any CPU
		{F33F9628-66C6-4E4A-AA76-3D0899925218}.Debug|x64.ActiveCfg = Debug|Any CPU
		{F33F9628-66C6-4E4A-AA76-3D0899925218}.Debug|x86.ActiveCfg = Debug|Any CPU
		{F33F9628-66C6-4E4A-AA76-3D0899925218}.Release|Any CPU.ActiveCfg = Release|Any CPU
		{F33F9628-66C6-4E4A-AA76-3D0899925218}.Release|x64.ActiveCfg = Release|Any CPU
		{F33F9628-66C6-4E4A-AA76-3D0899925218}.Release|x86.ActiveCfg = Release|Any CPU
		{4BB8ADF4-8A12-4A76-A230-8448F024AFC8}.Debug|Any CPU.ActiveCfg = Debug|Win32
		{4BB8ADF4-8A12-4A76-A230-8448F024AFC8}.Debug|x64.ActiveCfg = Debug|x64
		{4BB8ADF4-8A12-4A76-A230-8448F024AFC8}.Debug|x64.Build.0 = Debug|x64
		{4BB8ADF4-8A12-4A76-A230-8448F024AFC8}.Debug|x86.ActiveCfg = Debug|Win32
		{4BB8ADF4-8A12-4A76-A230-8448F024AFC8}.Debug|x86.Build.0 = Debug|Win32
		{4BB8ADF4-8A12-4A76-A230-8448F024AFC8}.Release|Any CPU.ActiveCfg = Release|Win32
		{4BB8ADF4-8A12-4A76-A230-8448F024AFC8}.Release|x64.ActiveCfg = Release|x64
		{4BB8ADF4-8A12-4A76-A230-8448F024AFC8}.Release|x64.Build.0 = Release|x64
		{4BB8ADF4-8A12-4A76-A230-8448F024AFC8}.Release|x86.ActiveCfg = Release|Win32
		{4BB8ADF4-8A12-4A76-A230-8448F024AFC8}.Release|x86.Build.0 = Release|Win32
		{6A08F9F1-F7AF-4649-AFA1-3578C4A106D3}.Debug|Any CPU.ActiveCfg = Debug|Win32
		{6A08F9F1-F7AF-4649-AFA1-3578C4A106D3}.Debug|x64.ActiveCfg = Debug|x64
		{6A08F9F1-F7AF-4649-AFA1-3578C4A106D3}.Debug|x64.Build.0 = Debug|x64
		{6A08F9F1-F7AF-4649-AFA1-3578C4A106D3}.Debug|x86.ActiveCfg = Debug|Win32
		{6A08F9F1-F7AF-4649-AFA1-3578C4A106D3}.Debug|x86.Build.0 = Debug|Win32
		{6A08F9F1-F7AF-4649-AFA1-3578C4A106D3}.Release|Any CPU.ActiveCfg = Release|Win32
		{6A08F9F1-F7AF-4649-AFA1-3578C4A106D3}.Release|x64.ActiveCfg = Release|x64
		{6A08F9F1-F7AF-4649-AFA1-3578C4A106D3}.Release|x64.Build.0 = Release|x64
		{6A08F9F1-F7AF-4649-AFA1-3578C4A106D3}.Release|x86.ActiveCfg = Release|Win32
		{6A08F9F1-F7AF-4649-AFA1-3578C4A106D3}.Release|x86.Build.0 = Release|Win32
		{CDB8A655-C9D8-4BDA-B638-704FE1D126A6}.Debug|Any CPU.ActiveCfg = Debug|Win32
		{CDB8A655-C9D8-4BDA-B638-704FE1D126A6}.Debug|x64.ActiveCfg = Debug|x64
		{CDB8A655-C9D8-4BDA-B638-704FE1D126A6}.Debug|x64.Build.0 = Debug|x64
		{CDB8A655-C9D8-4BDA-B638-704FE1D126A6}.Debug|x86.ActiveCfg = Debug|Win32
		{CDB8A655-C9D8-4BDA-B638-704FE1D126A6}.Debug|x86.Build.0 = Debug|Win32
		{CDB8A655-C9D8-4BDA-B638-704FE1D126A6}.Release|Any CPU.ActiveCfg = Release|Win32
		{CDB8A655-C9D8-4BDA-B638-704FE1D126A6}.Release|x64.ActiveCfg = Release|x64
		{CDB8A655-C9D8-4BDA-B638-704FE1D126A6}.Release|x64.Build.0 = Release|x64
		{CDB8A655-C9D8-4BDA-B638-704FE1D126A6}.Release|x86.ActiveCfg = Release|Win32
		{CDB8A655-C9D8-4BDA-B638-704FE1D126A6}.Release|x86.Build.0 = Release|Win32
		{AE17704B-1D8F-4CA1-8017-C223E720D314}.Debug|Any CPU.ActiveCfg = Debug|Win32
		{AE17704B-1D8F-4CA1-8017-C223E720D314}.Debug|x64.ActiveCfg = Debug|x64
		{AE17704B-1D8F-4CA1-8017-C223E720D314}.Debug|x64.Build.0 = Debug|x64
		{AE17704B-1D8F-4CA1-8017-C223E720D314}.Debug|x86.ActiveCfg = Debug|Win32
		{AE17704B-1D8F-4CA1-8017-C223E720D314}.Debug|x86.Build.0 = Debug|Win32
		{AE17704B-1D8F-4CA1-8017-C223E720D314}.Release|Any CPU.ActiveCfg = Release|Win32
		{AE17704B-1D8F-4CA1-8017-C223E720D314}.Release|x64.ActiveCfg = Release|x64
		{AE17704B-1D8F-4CA1-8017-C223E720D314}.Release|x64.Build.0 = Release|x64
		{AE17704B-1D8F-4CA1-8017-C223E720D314}.Release|x86.ActiveCfg = Release|Win32
		{AE17704B-1D8F-4CA1-8017-C223E720D314}.Release|x86.Build.0 = Release|Win32
		{6786FE1B-3D4A-453D-8B52-CEB3F21EC0C7}.Debug|Any CPU.ActiveCfg = Debug|Any CPU
		{6786FE1B-3D4A-453D-8B52-CEB3F21EC0C7}.Debug|x64.ActiveCfg = Debug|Any CPU
		{6786FE1B-3D4A-453D-8B52-CEB3F21EC0C7}.Debug|x86.ActiveCfg = Debug|Any CPU
		{6786FE1B-3D4A-453D-8B52-CEB3F21EC0C7}.Release|Any CPU.ActiveCfg = Release|Any CPU
		{6786FE1B-3D4A-453D-8B52-CEB3F21EC0C7}.Release|x64.ActiveCfg = Release|Any CPU
		{6786FE1B-3D4A-453D-8B52-CEB3F21EC0C7}.Release|x86.ActiveCfg = Release|Any CPU
		{49191257-E2C3-4734-BCF7-E4ABA4DC2C06}.Debug|Any CPU.ActiveCfg = Debug|Any CPU
		{49191257-E2C3-4734-BCF7-E4ABA4DC2C06}.Debug|x64.ActiveCfg = Debug|Any CPU
		{49191257-E2C3-4734-BCF7-E4ABA4DC2C06}.Debug|x86.ActiveCfg = Debug|Any CPU
		{49191257-E2C3-4734-BCF7-E4ABA4DC2C06}.Release|Any CPU.ActiveCfg = Release|Any CPU
		{49191257-E2C3-4734-BCF7-E4ABA4DC2C06}.Release|x64.ActiveCfg = Release|Any CPU
		{49191257-E2C3-4734-BCF7-E4ABA4DC2C06}.Release|x86.ActiveCfg = Release|Any CPU
		{322DE82F-B5F3-4B61-B9FC-59D7FD4B61CA}.Debug|Any CPU.ActiveCfg = Debug|Any CPU
		{322DE82F-B5F3-4B61-B9FC-59D7FD4B61CA}.Debug|x64.ActiveCfg = Debug|Any CPU
		{322DE82F-B5F3-4B61-B9FC-59D7FD4B61CA}.Debug|x86.ActiveCfg = Debug|Any CPU
		{322DE82F-B5F3-4B61-B9FC-59D7FD4B61CA}.Release|Any CPU.ActiveCfg = Release|Any CPU
		{322DE82F-B5F3-4B61-B9FC-59D7FD4B61CA}.Release|x64.ActiveCfg = Release|Any CPU
		{322DE82F-B5F3-4B61-B9FC-59D7FD4B61CA}.Release|x86.ActiveCfg = Release|Any CPU
		{6DD7B258-4F87-4120-8E29-73631691BA08}.Debug|Any CPU.ActiveCfg = Debug|Any CPU
		{6DD7B258-4F87-4120-8E29-73631691BA08}.Debug|x64.ActiveCfg = Debug|Any CPU
		{6DD7B258-4F87-4120-8E29-73631691BA08}.Debug|x86.ActiveCfg = Debug|Any CPU
		{6DD7B258-4F87-4120-8E29-73631691BA08}.Release|Any CPU.ActiveCfg = Release|Any CPU
		{6DD7B258-4F87-4120-8E29-73631691BA08}.Release|x64.ActiveCfg = Release|Any CPU
		{6DD7B258-4F87-4120-8E29-73631691BA08}.Release|x86.ActiveCfg = Release|Any CPU
	EndGlobalSection
	GlobalSection(SolutionProperties) = preSolution
		HideSolutionNode = FALSE
	EndGlobalSection
	GlobalSection(ExtensibilityGlobals) = postSolution
		SolutionGuid = {5D4BBEE5-F627-4DD5-B53D-1719F1187B9A}
	EndGlobalSection
EndGlobal
