<?xml version="1.0" encoding="utf-8"?>
<Project ToolsVersion="4.0" xmlns="http://schemas.microsoft.com/developer/msbuild/2003">
  <ItemGroup>
    <Filter Include="Source Files">
      <UniqueIdentifier>{4FC737F1-C7A5-4376-A066-2A32D752A2FF}</UniqueIdentifier>
      <Extensions>cpp;c;cc;cxx;def;odl;idl;hpj;bat;asm;asmx</Extensions>
    </Filter>
    <Filter Include="Header Files">
      <UniqueIdentifier>{93995380-89BD-4b04-88EB-625FBE52EBFB}</UniqueIdentifier>
      <Extensions>h;hh;hpp;hxx;hm;inl;inc;xsd</Extensions>
    </Filter>
    <Filter Include="Resource Files">
      <UniqueIdentifier>{67DA6AB6-F800-4c08-8B7A-83BB121AAD01}</UniqueIdentifier>
      <Extensions>rc;ico;cur;bmp;dlg;rc2;rct;bin;rgs;gif;jpg;jpeg;jpe;resx;tiff;tif;png;wav;mfcribbon-ms</Extensions>
    </Filter>
  </ItemGroup>
  <ItemGroup>
    <ClCompile Include="optimized_code\blur.cpp">
      <Filter>Source Files</Filter>
    </ClCompile>
    <ClCompile Include="optimized_code\initialize_beliefs.cpp">
      <Filter>Source Files</Filter>
    </ClCompile>
    <ClCompile Include="optimized_code\main.cpp">
      <Filter>Source Files</Filter>
    </ClCompile>
    <ClCompile Include="optimized_code\move.cpp">
      <Filter>Source Files</Filter>
    </ClCompile>
    <ClCompile Include="optimized_code\normalize.cpp">
      <Filter>Source Files</Filter>
    </ClCompile>
    <ClCompile Include="optimized_code\print.cpp">
      <Filter>Source Files</Filter>
    </ClCompile>
    <ClCompile Include="optimized_code\sense.cpp">
      <Filter>Source Files</Filter>
    </ClCompile>
    <ClCompile Include="optimized_code\zeros.cpp">
      <Filter>Source Files</Filter>
    </ClCompile>
  </ItemGroup>
  <ItemGroup>
    <ClInclude Include="optimized_code\headers\blur.h">
      <Filter>Header Files</Filter>
    </ClInclude>
    <ClInclude Include="optimized_code\headers\initialize_beliefs.h">
      <Filter>Header Files</Filter>
    </ClInclude>
    <ClInclude Include="optimized_code\headers\move.h">
      <Filter>Header Files</Filter>
    </ClInclude>
    <ClInclude Include="optimized_code\headers\normalize.h">
      <Filter>Header Files</Filter>
    </ClInclude>
    <ClInclude Include="optimized_code\headers\print.h">
      <Filter>Header Files</Filter>
    </ClInclude>
    <ClInclude Include="optimized_code\headers\sense.h">
      <Filter>Header Files</Filter>
    </ClInclude>
    <ClInclude Include="optimized_code\headers\zeros.h">
      <Filter>Header Files</Filter>
    </ClInclude>
  </ItemGroup>
  <ItemGroup>
    <None Include="hints.md">
      <Filter>Resource Files</Filter>
    </None>
    <None Include="instructions.md">
      <Filter>Resource Files</Filter>
    </None>
  </ItemGroup>
</Project>